
Microsoft Visual Studio Solution File, Format Version 12.00
# Visual Studio Version 17
VisualStudioVersion = 17.9.34622.214
MinimumVisualStudioVersion = 10.0.40219.1
Project("{FAE04EC0-301F-11D3-BF4B-00C04F79EFBC}") = "Calendar", "Calendar.csproj", "{4E208B55-051E-4E48-B46D-A7EA48CC9757}"
EndProject
Global
	GlobalSection(SolutionConfigurationPlatforms) = preSolution
		Debug|Any CPU = Debug|Any CPU
		Release|Any CPU = Release|Any CPU
	EndGlobalSection
	GlobalSection(ProjectConfigurationPlatforms) = postSolution
		{4E208B55-051E-4E48-B46D-A7EA48CC9757}.Debug|Any CPU.ActiveCfg = Debug|Any CPU
		{4E208B55-051E-4E48-B46D-A7EA48CC9757}.Debug|Any CPU.Build.0 = Debug|Any CPU
		{4E208B55-051E-4E48-B46D-A7EA48CC9757}.Release|Any CPU.ActiveCfg = Release|Any CPU
		{4E208B55-051E-4E48-B46D-A7EA48CC9757}.Release|Any CPU.Build.0 = Release|Any CPU
	EndGlobalSection
	GlobalSection(SolutionProperties) = preSolution
		HideSolutionNode = FALSE
	EndGlobalSection
	GlobalSection(ExtensibilityGlobals) = postSolution
		SolutionGuid = {EFE60A14-2607-46A4-8416-71CEF49D6EA5}
	EndGlobalSection
EndGlobal
